
Microsoft Visual Studio Solution File, Format Version 12.00
# Visual Studio Version 16
VisualStudioVersion = 16.0.30804.86
MinimumVisualStudioVersion = 10.0.40219.1
Project("{2150E333-8FDC-42A3-9474-1A3956D46DE8}") = "src", "src", "{4EB59739-B9F8-425C-B86B-118D1DB0D71A}"
EndProject
Project("{2150E333-8FDC-42A3-9474-1A3956D46DE8}") = "Catalog", "Catalog", "{5F46D7B4-D0F8-48D7-B7B2-63E1D17764EC}"
EndProject
Project("{9A19103F-16F7-4668-BE54-9A1E7A4F7556}") = "Catalog.API", "src\Catalog\Catalog.API\Catalog.API\Catalog.API.csproj", "{21315AE7-97C1-40C6-97EB-7EB7F1F3C079}"
EndProject
Project("{2150E333-8FDC-42A3-9474-1A3956D46DE8}") = "Solution Items", "Solution Items", "{C977FBE2-E318-4B6B-A1B2-6F4AB4680211}"
EndProject
Project("{E53339B2-1760-4266-BCC7-CA923CBCF16C}") = "docker-compose", "docker-compose.dcproj", "{6E569866-B9DC-4455-8EA1-CB10864A6390}"
EndProject
Global
	GlobalSection(SolutionConfigurationPlatforms) = preSolution
		Debug|Any CPU = Debug|Any CPU
		Release|Any CPU = Release|Any CPU
	EndGlobalSection
	GlobalSection(ProjectConfigurationPlatforms) = postSolution
		{21315AE7-97C1-40C6-97EB-7EB7F1F3C079}.Debug|Any CPU.ActiveCfg = Debug|Any CPU
		{21315AE7-97C1-40C6-97EB-7EB7F1F3C079}.Debug|Any CPU.Build.0 = Debug|Any CPU
		{21315AE7-97C1-40C6-97EB-7EB7F1F3C079}.Release|Any CPU.ActiveCfg = Release|Any CPU
		{21315AE7-97C1-40C6-97EB-7EB7F1F3C079}.Release|Any CPU.Build.0 = Release|Any CPU
		{6E569866-B9DC-4455-8EA1-CB10864A6390}.Debug|Any CPU.ActiveCfg = Debug|Any CPU
		{6E569866-B9DC-4455-8EA1-CB10864A6390}.Debug|Any CPU.Build.0 = Debug|Any CPU
		{6E569866-B9DC-4455-8EA1-CB10864A6390}.Release|Any CPU.ActiveCfg = Release|Any CPU
		{6E569866-B9DC-4455-8EA1-CB10864A6390}.Release|Any CPU.Build.0 = Release|Any CPU
	EndGlobalSection
	GlobalSection(SolutionProperties) = preSolution
		HideSolutionNode = FALSE
	EndGlobalSection
	GlobalSection(NestedProjects) = preSolution
		{5F46D7B4-D0F8-48D7-B7B2-63E1D17764EC} = {4EB59739-B9F8-425C-B86B-118D1DB0D71A}
		{21315AE7-97C1-40C6-97EB-7EB7F1F3C079} = {5F46D7B4-D0F8-48D7-B7B2-63E1D17764EC}
	EndGlobalSection
	GlobalSection(ExtensibilityGlobals) = postSolution
		SolutionGuid = {5DA81214-B1BC-4734-8799-3C826DADFB2B}
	EndGlobalSection
EndGlobal
